
Microsoft Visual Studio Solution File, Format Version 12.00
# Visual Studio Version 17
VisualStudioVersion = 17.7.34221.43
MinimumVisualStudioVersion = 10.0.40219.1
Project("{FAE04EC0-301F-11D3-BF4B-00C04F79EFBC}") = "appReversotask", "appReversotask.csproj", "{4C3AB8EF-1873-4778-B0BB-9088D96B73C3}"
EndProject
Global
	GlobalSection(SolutionConfigurationPlatforms) = preSolution
		Debug|Any CPU = Debug|Any CPU
		Release|Any CPU = Release|Any CPU
	EndGlobalSection
	GlobalSection(ProjectConfigurationPlatforms) = postSolution
		{4C3AB8EF-1873-4778-B0BB-9088D96B73C3}.Debug|Any CPU.ActiveCfg = Debug|Any CPU
		{4C3AB8EF-1873-4778-B0BB-9088D96B73C3}.Debug|Any CPU.Build.0 = Debug|Any CPU
		{4C3AB8EF-1873-4778-B0BB-9088D96B73C3}.Release|Any CPU.ActiveCfg = Release|Any CPU
		{4C3AB8EF-1873-4778-B0BB-9088D96B73C3}.Release|Any CPU.Build.0 = Release|Any CPU
	EndGlobalSection
	GlobalSection(SolutionProperties) = preSolution
		HideSolutionNode = FALSE
	EndGlobalSection
	GlobalSection(ExtensibilityGlobals) = postSolution
		SolutionGuid = {750BB008-6E55-4F5C-95FC-EFEA6732585E}
	EndGlobalSection
EndGlobal
